
Microsoft Visual Studio Solution File, Format Version 12.00
# Visual Studio 2013
VisualStudioVersion = 12.0.30110.0
MinimumVisualStudioVersion = 10.0.40219.1
Project("{FAE04EC0-301F-11D3-BF4B-00C04F79EFBC}") = "LibLOL", "LibLOL\LibLOL.csproj", "{E564AF9F-53FD-46AB-9E29-4F7C04396002}"
EndProject
Global
	GlobalSection(SolutionConfigurationPlatforms) = preSolution
		Debug|ARM = Debug|ARM
		Debug|x86 = Debug|x86
		Release|ARM = Release|ARM
		Release|x86 = Release|x86
	EndGlobalSection
	GlobalSection(ProjectConfigurationPlatforms) = postSolution
		{E564AF9F-53FD-46AB-9E29-4F7C04396002}.Debug|ARM.ActiveCfg = Debug|ARM
		{E564AF9F-53FD-46AB-9E29-4F7C04396002}.Debug|ARM.Build.0 = Debug|ARM
		{E564AF9F-53FD-46AB-9E29-4F7C04396002}.Debug|ARM.Deploy.0 = Debug|ARM
		{E564AF9F-53FD-46AB-9E29-4F7C04396002}.Debug|x86.ActiveCfg = Debug|x86
		{E564AF9F-53FD-46AB-9E29-4F7C04396002}.Debug|x86.Build.0 = Debug|x86
		{E564AF9F-53FD-46AB-9E29-4F7C04396002}.Debug|x86.Deploy.0 = Debug|x86
		{E564AF9F-53FD-46AB-9E29-4F7C04396002}.Release|ARM.ActiveCfg = Release|ARM
		{E564AF9F-53FD-46AB-9E29-4F7C04396002}.Release|ARM.Build.0 = Release|ARM
		{E564AF9F-53FD-46AB-9E29-4F7C04396002}.Release|ARM.Deploy.0 = Release|ARM
		{E564AF9F-53FD-46AB-9E29-4F7C04396002}.Release|x86.ActiveCfg = Release|x86
		{E564AF9F-53FD-46AB-9E29-4F7C04396002}.Release|x86.Build.0 = Release|x86
		{E564AF9F-53FD-46AB-9E29-4F7C04396002}.Release|x86.Deploy.0 = Release|x86
	EndGlobalSection
	GlobalSection(SolutionProperties) = preSolution
		HideSolutionNode = FALSE
	EndGlobalSection
EndGlobal
