
Microsoft Visual Studio Solution File, Format Version 12.00
# Visual Studio Express 2012 for Windows Phone
Project("{FAE04EC0-301F-11D3-BF4B-00C04F79EFBC}") = "LOL02", "LOL02\LOL02\LOL02.csproj", "{CEF7A830-60AD-4C11-8D35-5892AC7C8F7C}"
EndProject
Project("{96E2B04D-8817-42C6-938A-82C39BA4D311}") = "LOL02Content", "LOL02\LOL02Content\LOL02Content.contentproj", "{55396EBF-6F2E-49BF-9C3C-823D7077189A}"
EndProject
Global
	GlobalSection(SolutionConfigurationPlatforms) = preSolution
		Debug|Windows Phone = Debug|Windows Phone
		Release|Windows Phone = Release|Windows Phone
	EndGlobalSection
	GlobalSection(ProjectConfigurationPlatforms) = postSolution
		{CEF7A830-60AD-4C11-8D35-5892AC7C8F7C}.Debug|Windows Phone.ActiveCfg = Debug|Windows Phone
		{CEF7A830-60AD-4C11-8D35-5892AC7C8F7C}.Debug|Windows Phone.Build.0 = Debug|Windows Phone
		{CEF7A830-60AD-4C11-8D35-5892AC7C8F7C}.Debug|Windows Phone.Deploy.0 = Debug|Windows Phone
		{CEF7A830-60AD-4C11-8D35-5892AC7C8F7C}.Release|Windows Phone.ActiveCfg = Release|Windows Phone
		{CEF7A830-60AD-4C11-8D35-5892AC7C8F7C}.Release|Windows Phone.Build.0 = Release|Windows Phone
		{CEF7A830-60AD-4C11-8D35-5892AC7C8F7C}.Release|Windows Phone.Deploy.0 = Release|Windows Phone
		{55396EBF-6F2E-49BF-9C3C-823D7077189A}.Debug|Windows Phone.ActiveCfg = Debug|Windows Phone
		{55396EBF-6F2E-49BF-9C3C-823D7077189A}.Release|Windows Phone.ActiveCfg = Release|Windows Phone
	EndGlobalSection
	GlobalSection(SolutionProperties) = preSolution
		HideSolutionNode = FALSE
	EndGlobalSection
EndGlobal
